dependencies:
- name: postgresql
  repository: https://charts.bitnami.com/bitnami
  version: 12.8.5
- name: keycloak
  repository: https://codecentric.github.io/helm-charts
  version: 18.0.0
digest: sha256:11d28a37a4354a21979f4adea017669b27fd8f302f59bccb444e0e29f7aaa45c
generated: "2025-07-10T14:49:19.2233869+02:00"
